<?xml version="1.0" encoding="utf-8"?>
<Project ToolsVersion="17.0" xmlns="http://schemas.microsoft.com/developer/msbuild/2003">
  <ItemGroup>
    <ClCompile Include="F:\common\Source_Code\lunar\src\ades2mpc.cpp">
      <Filter>Source Files</Filter>
    </ClCompile>
    <ClCompile Include="F:\common\Source_Code\lunar\src\alt_az.cpp">
      <Filter>Source Files</Filter>
    </ClCompile>
    <ClCompile Include="F:\common\Source_Code\lunar\src\astfuncs.cpp">
      <Filter>Source Files</Filter>
    </ClCompile>
    <ClCompile Include="F:\common\Source_Code\lunar\src\big_vsop.cpp">
      <Filter>Source Files</Filter>
    </ClCompile>
    <ClCompile Include="F:\common\Source_Code\lunar\src\brentmin.cpp">
      <Filter>Source Files</Filter>
    </ClCompile>
    <ClCompile Include="F:\common\Source_Code\lunar\src\classel.cpp">
      <Filter>Source Files</Filter>
    </ClCompile>
    <ClCompile Include="F:\common\Source_Code\lunar\src\com_file.cpp">
      <Filter>Source Files</Filter>
    </ClCompile>
    <ClCompile Include="F:\common\Source_Code\lunar\src\cospar.cpp">
      <Filter>Source Files</Filter>
    </ClCompile>
    <ClCompile Include="F:\common\Source_Code\lunar\src\date.cpp">
      <Filter>Source Files</Filter>
    </ClCompile>
    <ClCompile Include="F:\common\Source_Code\lunar\src\de_plan.cpp">
      <Filter>Source Files</Filter>
    </ClCompile>
    <ClCompile Include="F:\common\Source_Code\lunar\src\delta_t.cpp">
      <Filter>Source Files</Filter>
    </ClCompile>
    <ClCompile Include="F:\common\Source_Code\lunar\src\dist_pa.cpp">
      <Filter>Source Files</Filter>
    </ClCompile>
    <ClCompile Include="F:\common\Source_Code\lunar\src\elp82dat.cpp">
      <Filter>Source Files</Filter>
    </ClCompile>
    <ClCompile Include="F:\common\Source_Code\lunar\src\eop_prec.cpp">
      <Filter>Source Files</Filter>
    </ClCompile>
    <ClCompile Include="F:\common\Source_Code\lunar\src\getplane.cpp">
      <Filter>Source Files</Filter>
    </ClCompile>
    <ClCompile Include="F:\common\Source_Code\lunar\src\get_time.cpp">
      <Filter>Source Files</Filter>
    </ClCompile>
    <ClCompile Include="F:\common\Source_Code\lunar\src\jsats.cpp">
      <Filter>Source Files</Filter>
    </ClCompile>
    <ClCompile Include="F:\common\Source_Code\lunar\src\lunar2.cpp">
      <Filter>Source Files</Filter>
    </ClCompile>
    <ClCompile Include="F:\common\Source_Code\lunar\src\miscell.cpp">
      <Filter>Source Files</Filter>
    </ClCompile>
    <ClCompile Include="F:\common\Source_Code\lunar\src\mpc_code.cpp">
      <Filter>Source Files</Filter>
    </ClCompile>
    <ClCompile Include="F:\common\Source_Code\lunar\src\mpc_fmt.cpp">
      <Filter>Source Files</Filter>
    </ClCompile>
    <ClCompile Include="F:\common\Source_Code\lunar\src\mpc_fmt2.cpp">
      <Filter>Source Files</Filter>
    </ClCompile>
    <ClCompile Include="F:\common\Source_Code\lunar\src\moid.cpp">
      <Filter>Source Files</Filter>
    </ClCompile>
    <ClCompile Include="F:\common\Source_Code\lunar\src\nanosecs.cpp">
      <Filter>Source Files</Filter>
    </ClCompile>
    <ClCompile Include="F:\common\Source_Code\lunar\src\nutation.cpp">
      <Filter>Source Files</Filter>
    </ClCompile>
    <ClCompile Include="F:\common\Source_Code\lunar\src\obliquit.cpp">
      <Filter>Source Files</Filter>
    </ClCompile>
    <ClCompile Include="F:\common\Source_Code\lunar\src\pluto.cpp">
      <Filter>Source Files</Filter>
    </ClCompile>
    <ClCompile Include="F:\common\Source_Code\lunar\src\precess.cpp">
      <Filter>Source Files</Filter>
    </ClCompile>
    <ClCompile Include="F:\common\Source_Code\lunar\src\refract.cpp">
      <Filter>Source Files</Filter>
    </ClCompile>
    <ClCompile Include="F:\common\Source_Code\lunar\src\refract4.cpp">
      <Filter>Source Files</Filter>
    </ClCompile>
    <ClCompile Include="F:\common\Source_Code\lunar\src\rocks.cpp">
      <Filter>Source Files</Filter>
    </ClCompile>
    <ClCompile Include="F:\common\Source_Code\lunar\src\showelem.cpp">
      <Filter>Source Files</Filter>
    </ClCompile>
    <ClCompile Include="F:\common\Source_Code\lunar\src\sof.cpp">
      <Filter>Source Files</Filter>
    </ClCompile>
    <ClCompile Include="F:\common\Source_Code\lunar\src\snprintf.cpp">
      <Filter>Source Files</Filter>
    </ClCompile>
    <ClCompile Include="F:\common\Source_Code\lunar\src\spline.cpp">
      <Filter>Source Files</Filter>
    </ClCompile>
    <ClCompile Include="F:\common\Source_Code\lunar\src\ssats.cpp">
      <Filter>Source Files</Filter>
    </ClCompile>
    <ClCompile Include="F:\common\Source_Code\lunar\src\unpack.cpp">
      <Filter>Source Files</Filter>
    </ClCompile>
    <ClCompile Include="F:\common\Source_Code\lunar\src\triton.cpp">
      <Filter>Source Files</Filter>
    </ClCompile>
    <ClCompile Include="F:\common\Source_Code\lunar\src\vislimit.cpp">
      <Filter>Source Files</Filter>
    </ClCompile>
    <ClCompile Include="F:\common\Source_Code\lunar\src\vsopson.cpp">
      <Filter>Source Files</Filter>
    </ClCompile>
  </ItemGroup>
  <ItemGroup>
    <CustomBuild Include="F:\common\Source_Code\lunar\CMakeLists.txt" />
  </ItemGroup>
  <ItemGroup>
    <None Include="F:\common\Source_Code\lunar\src\conbound.c">
      <Filter>Source Files</Filter>
    </None>
  </ItemGroup>
  <ItemGroup>
    <Filter Include="Source Files">
      <UniqueIdentifier>{60318E4C-AA8D-34DA-9104-E4839B419B97}</UniqueIdentifier>
    </Filter>
  </ItemGroup>
</Project>
